<?xml version="1.0" encoding="utf-8"?>
<Project ToolsVersion="4.0" xmlns="http://schemas.microsoft.com/developer/msbuild/2003">
  <ItemGroup>
    <Filter Include="Source Files">
      <UniqueIdentifier>{05f4e9bf-e583-4afd-91d0-5c9d5d3d33d5}</UniqueIdentifier>
      <Extensions>cpp;c;cxx;rc;def;r;odl;idl;hpj;bat</Extensions>
    </Filter>
    <Filter Include="Header Files">
      <UniqueIdentifier>{86fb6507-e0f7-46f3-be55-2bebb454c5de}</UniqueIdentifier>
      <Extensions>h;hpp;hxx;hm;inl</Extensions>
    </Filter>
  </ItemGroup>
  <ItemGroup>
    <ClCompile Include="CaDcdGrid_PageSelector.cpp">
      <Filter>Source Files</Filter>
    </ClCompile>
    <ClCompile Include="CDcdGrid.cpp">
      <Filter>Source Files</Filter>
    </ClCompile>
    <ClCompile Include="CDcdGridCell.cpp">
      <Filter>Source Files</Filter>
    </ClCompile>
    <ClCompile Include="CDcdGridXBorder.cpp">
      <Filter>Source Files</Filter>
    </ClCompile>
    <ClCompile Include="CDcdGridXColumn.cpp">
      <Filter>Source Files</Filter>
    </ClCompile>
    <ClCompile Include="CDcdGridYBorder.cpp">
      <Filter>Source Files</Filter>
    </ClCompile>
    <ClCompile Include="CDcdGridYColumn.cpp">
      <Filter>Source Files</Filter>
    </ClCompile>
    <ClCompile Include="StdAfx.cpp">
      <Filter>Source Files</Filter>
    </ClCompile>
  </ItemGroup>
  <ItemGroup>
    <ClInclude Include="CaDcdGrid_PageSelector.h">
      <Filter>Header Files</Filter>
    </ClInclude>
    <ClInclude Include="CDcdGrid.h">
      <Filter>Header Files</Filter>
    </ClInclude>
    <ClInclude Include="CDcdGridCell.h">
      <Filter>Header Files</Filter>
    </ClInclude>
    <ClInclude Include="CDcdGridXBorder.h">
      <Filter>Header Files</Filter>
    </ClInclude>
    <ClInclude Include="CDcdGridXColumn.h">
      <Filter>Header Files</Filter>
    </ClInclude>
    <ClInclude Include="CDcdGridYBorder.h">
      <Filter>Header Files</Filter>
    </ClInclude>
    <ClInclude Include="CDcdGridYColumn.h">
      <Filter>Header Files</Filter>
    </ClInclude>
    <ClInclude Include="StdAfx.h">
      <Filter>Header Files</Filter>
    </ClInclude>
  </ItemGroup>
</Project>