<?xml version="1.0" encoding="utf-8"?>
<Project ToolsVersion="4.0" xmlns="http://schemas.microsoft.com/developer/msbuild/2003">
  <ItemGroup>
    <Filter Include="Source Files">
      <UniqueIdentifier>{971e6871-4206-4747-b024-a0422e94723c}</UniqueIdentifier>
      <Extensions>cpp;c;cxx;rc;def;r;odl;idl;hpj;bat</Extensions>
    </Filter>
    <Filter Include="Header Files">
      <UniqueIdentifier>{9b4374b5-d977-46e9-99c3-879ce5419e62}</UniqueIdentifier>
      <Extensions>h;hpp;hxx;hm;inl</Extensions>
    </Filter>
  </ItemGroup>
  <ItemGroup>
    <ClCompile Include="CConnectedStringCompress.cpp">
      <Filter>Source Files</Filter>
    </ClCompile>
    <ClCompile Include="CdConnectedString2.cpp">
      <Filter>Source Files</Filter>
    </ClCompile>
    <ClCompile Include="CdFilenameStr.cpp">
      <Filter>Source Files</Filter>
    </ClCompile>
    <ClCompile Include="CStrCharSizeMb.cpp">
      <Filter>Source Files</Filter>
    </ClCompile>
    <ClCompile Include="StdAfx.cpp">
      <Filter>Source Files</Filter>
    </ClCompile>
    <ClCompile Include="strLf.cpp">
      <Filter>Source Files</Filter>
    </ClCompile>
    <ClCompile Include="strprintf.cpp">
      <Filter>Source Files</Filter>
    </ClCompile>
    <ClCompile Include="strToWstr.cpp">
      <Filter>Source Files</Filter>
    </ClCompile>
    <ClCompile Include="vectorToFile.cpp">
      <Filter>Source Files</Filter>
    </ClCompile>
  </ItemGroup>
  <ItemGroup>
    <ClInclude Include="CConnectedStringCompress.h">
      <Filter>Header Files</Filter>
    </ClInclude>
    <ClInclude Include="CdConnectedString.h">
      <Filter>Header Files</Filter>
    </ClInclude>
    <ClInclude Include="CdConnectedString2.h">
      <Filter>Header Files</Filter>
    </ClInclude>
    <ClInclude Include="CdFilenameStr.h">
      <Filter>Header Files</Filter>
    </ClInclude>
    <ClInclude Include="CEnumToString.h">
      <Filter>Header Files</Filter>
    </ClInclude>
    <ClInclude Include="CStrCharSizeMb.h">
      <Filter>Header Files</Filter>
    </ClInclude>
    <ClInclude Include="StdAfx.h">
      <Filter>Header Files</Filter>
    </ClInclude>
    <ClInclude Include="Str.h">
      <Filter>Header Files</Filter>
    </ClInclude>
    <ClInclude Include="stringSplit.h">
      <Filter>Header Files</Filter>
    </ClInclude>
    <ClInclude Include="strLf.h">
      <Filter>Header Files</Filter>
    </ClInclude>
    <ClInclude Include="strprintf.h">
      <Filter>Header Files</Filter>
    </ClInclude>
    <ClInclude Include="strToInt.h">
      <Filter>Header Files</Filter>
    </ClInclude>
    <ClInclude Include="strToVector.h">
      <Filter>Header Files</Filter>
    </ClInclude>
    <ClInclude Include="strToWstr.h">
      <Filter>Header Files</Filter>
    </ClInclude>
    <ClInclude Include="vectorToFile.h">
      <Filter>Header Files</Filter>
    </ClInclude>
  </ItemGroup>
</Project>