<?xml version="1.0" encoding="utf-8"?>
<Project ToolsVersion="4.0" xmlns="http://schemas.microsoft.com/developer/msbuild/2003">
  <ItemGroup>
    <Filter Include="Source Files">
      <UniqueIdentifier>{53c35f3c-6cf2-4476-9216-762c25ea8053}</UniqueIdentifier>
      <Extensions>cpp;c;cxx;rc;def;r;odl;idl;hpj;bat</Extensions>
    </Filter>
    <Filter Include="Header Files">
      <UniqueIdentifier>{dacdcb69-1e22-4d41-a6fb-acd791120052}</UniqueIdentifier>
      <Extensions>h;hpp;hxx;hm;inl</Extensions>
    </Filter>
  </ItemGroup>
  <ItemGroup>
    <ClCompile Include="CDropTargetDoctmpl.cpp">
      <Filter>Source Files</Filter>
    </ClCompile>
    <ClCompile Include="CHidemdiApp.cpp">
      <Filter>Source Files</Filter>
    </ClCompile>
    <ClCompile Include="CHidemdiDoctmplDocstrAlone.cpp">
      <Filter>Source Files</Filter>
    </ClCompile>
    <ClCompile Include="CHidemdiMainFrm.cpp">
      <Filter>Source Files</Filter>
    </ClCompile>
    <ClCompile Include="CHidemdiRootDoc.cpp">
      <Filter>Source Files</Filter>
    </ClCompile>
    <ClCompile Include="CHidemdiRootDoctmpl.cpp">
      <Filter>Source Files</Filter>
    </ClCompile>
    <ClCompile Include="CHidemdiRootFrame.cpp">
      <Filter>Source Files</Filter>
    </ClCompile>
    <ClCompile Include="CHidemdiRootView.cpp">
      <Filter>Source Files</Filter>
    </ClCompile>
    <ClCompile Include="CHidemdiSubDoc.cpp">
      <Filter>Source Files</Filter>
    </ClCompile>
    <ClCompile Include="CHidemdiSubDoctmpl.cpp">
      <Filter>Source Files</Filter>
    </ClCompile>
    <ClCompile Include="StdAfx.cpp">
      <Filter>Source Files</Filter>
    </ClCompile>
  </ItemGroup>
  <ItemGroup>
    <ClInclude Include="CDropTargetDoctmpl.h">
      <Filter>Header Files</Filter>
    </ClInclude>
    <ClInclude Include="CHidemdiApp.h">
      <Filter>Header Files</Filter>
    </ClInclude>
    <ClInclude Include="CHidemdiDoctmplDocstrAlone.h">
      <Filter>Header Files</Filter>
    </ClInclude>
    <ClInclude Include="CHidemdiMainFrm.h">
      <Filter>Header Files</Filter>
    </ClInclude>
    <ClInclude Include="CHidemdiRootDoc.h">
      <Filter>Header Files</Filter>
    </ClInclude>
    <ClInclude Include="CHidemdiRootDoctmpl.h">
      <Filter>Header Files</Filter>
    </ClInclude>
    <ClInclude Include="CHidemdiRootFrame.h">
      <Filter>Header Files</Filter>
    </ClInclude>
    <ClInclude Include="CHidemdiRootView.h">
      <Filter>Header Files</Filter>
    </ClInclude>
    <ClInclude Include="CHidemdiSubDoc.h">
      <Filter>Header Files</Filter>
    </ClInclude>
    <ClInclude Include="CHidemdiSubDoctmpl.h">
      <Filter>Header Files</Filter>
    </ClInclude>
    <ClInclude Include="hidemdi.h">
      <Filter>Header Files</Filter>
    </ClInclude>
    <ClInclude Include="StdAfx.h">
      <Filter>Header Files</Filter>
    </ClInclude>
  </ItemGroup>
</Project>